
Microsoft Visual Studio Solution File, Format Version 12.00
# Visual Studio Version 17
VisualStudioVersion = 17.0.31912.275
MinimumVisualStudioVersion = 10.0.40219.1
Project("{FAE04EC0-301F-11D3-BF4B-00C04F79EFBC}") = "FunctionsSintax", "FunctionsSintax\FunctionsSintax.csproj", "{0E5489D1-A225-491F-9E20-6628E584885B}"
EndProject
Global
	GlobalSection(SolutionConfigurationPlatforms) = preSolution
		Debug|Any CPU = Debug|Any CPU
		Release|Any CPU = Release|Any CPU
	EndGlobalSection
	GlobalSection(ProjectConfigurationPlatforms) = postSolution
		{0E5489D1-A225-491F-9E20-6628E584885B}.Debug|Any CPU.ActiveCfg = Debug|Any CPU
		{0E5489D1-A225-491F-9E20-6628E584885B}.Debug|Any CPU.Build.0 = Debug|Any CPU
		{0E5489D1-A225-491F-9E20-6628E584885B}.Release|Any CPU.ActiveCfg = Release|Any CPU
		{0E5489D1-A225-491F-9E20-6628E584885B}.Release|Any CPU.Build.0 = Release|Any CPU
	EndGlobalSection
	GlobalSection(SolutionProperties) = preSolution
		HideSolutionNode = FALSE
	EndGlobalSection
	GlobalSection(ExtensibilityGlobals) = postSolution
		SolutionGuid = {00B4BD9F-5A07-4FA8-91AF-5027450EC035}
	EndGlobalSection
EndGlobal
