
Microsoft Visual Studio Solution File, Format Version 12.00
# Visual Studio Version 17
VisualStudioVersion = 17.0.31919.166
MinimumVisualStudioVersion = 10.0.40219.1
Project("{FAE04EC0-301F-11D3-BF4B-00C04F79EFBC}") = "FixExerciseMatrices", "FixExerciseMatrices\FixExerciseMatrices.csproj", "{118BE464-A1D8-43FC-8657-EF5EBF75AB02}"
EndProject
Global
	GlobalSection(SolutionConfigurationPlatforms) = preSolution
		Debug|Any CPU = Debug|Any CPU
		Release|Any CPU = Release|Any CPU
	EndGlobalSection
	GlobalSection(ProjectConfigurationPlatforms) = postSolution
		{118BE464-A1D8-43FC-8657-EF5EBF75AB02}.Debug|Any CPU.ActiveCfg = Debug|Any CPU
		{118BE464-A1D8-43FC-8657-EF5EBF75AB02}.Debug|Any CPU.Build.0 = Debug|Any CPU
		{118BE464-A1D8-43FC-8657-EF5EBF75AB02}.Release|Any CPU.ActiveCfg = Release|Any CPU
		{118BE464-A1D8-43FC-8657-EF5EBF75AB02}.Release|Any CPU.Build.0 = Release|Any CPU
	EndGlobalSection
	GlobalSection(SolutionProperties) = preSolution
		HideSolutionNode = FALSE
	EndGlobalSection
	GlobalSection(ExtensibilityGlobals) = postSolution
		SolutionGuid = {37CC9E46-F959-49A8-8270-43AD429C44DE}
	EndGlobalSection
EndGlobal
