
Microsoft Visual Studio Solution File, Format Version 12.00
# Visual Studio Version 17
VisualStudioVersion = 17.0.31919.166
MinimumVisualStudioVersion = 10.0.40219.1
Project("{FAE04EC0-301F-11D3-BF4B-00C04F79EFBC}") = "ParamModifierOUT", "ParamModifierOUT\ParamModifierOUT.csproj", "{B52ADFB7-CBAD-43BF-AF61-7C7F5F437244}"
EndProject
Global
	GlobalSection(SolutionConfigurationPlatforms) = preSolution
		Debug|Any CPU = Debug|Any CPU
		Release|Any CPU = Release|Any CPU
	EndGlobalSection
	GlobalSection(ProjectConfigurationPlatforms) = postSolution
		{B52ADFB7-CBAD-43BF-AF61-7C7F5F437244}.Debug|Any CPU.ActiveCfg = Debug|Any CPU
		{B52ADFB7-CBAD-43BF-AF61-7C7F5F437244}.Debug|Any CPU.Build.0 = Debug|Any CPU
		{B52ADFB7-CBAD-43BF-AF61-7C7F5F437244}.Release|Any CPU.ActiveCfg = Release|Any CPU
		{B52ADFB7-CBAD-43BF-AF61-7C7F5F437244}.Release|Any CPU.Build.0 = Release|Any CPU
	EndGlobalSection
	GlobalSection(SolutionProperties) = preSolution
		HideSolutionNode = FALSE
	EndGlobalSection
	GlobalSection(ExtensibilityGlobals) = postSolution
		SolutionGuid = {1CE056F3-A536-41E0-8BDD-4BCBC91AD609}
	EndGlobalSection
EndGlobal
