
Microsoft Visual Studio Solution File, Format Version 12.00
# Visual Studio Version 17
VisualStudioVersion = 17.0.31912.275
MinimumVisualStudioVersion = 10.0.40219.1
Project("{FAE04EC0-301F-11D3-BF4B-00C04F79EFBC}") = "DataOutput", "DataOutput\DataOutput.csproj", "{121B05E6-7E8A-4177-83F6-ACB173D4F551}"
EndProject
Global
	GlobalSection(SolutionConfigurationPlatforms) = preSolution
		Debug|Any CPU = Debug|Any CPU
		Release|Any CPU = Release|Any CPU
	EndGlobalSection
	GlobalSection(ProjectConfigurationPlatforms) = postSolution
		{121B05E6-7E8A-4177-83F6-ACB173D4F551}.Debug|Any CPU.ActiveCfg = Debug|Any CPU
		{121B05E6-7E8A-4177-83F6-ACB173D4F551}.Debug|Any CPU.Build.0 = Debug|Any CPU
		{121B05E6-7E8A-4177-83F6-ACB173D4F551}.Release|Any CPU.ActiveCfg = Release|Any CPU
		{121B05E6-7E8A-4177-83F6-ACB173D4F551}.Release|Any CPU.Build.0 = Release|Any CPU
	EndGlobalSection
	GlobalSection(SolutionProperties) = preSolution
		HideSolutionNode = FALSE
	EndGlobalSection
	GlobalSection(ExtensibilityGlobals) = postSolution
		SolutionGuid = {86A53291-E006-497E-B037-2F6CA07662AC}
	EndGlobalSection
EndGlobal
