
Microsoft Visual Studio Solution File, Format Version 12.00
# Visual Studio Version 17
VisualStudioVersion = 17.0.31912.275
MinimumVisualStudioVersion = 10.0.40219.1
Project("{FAE04EC0-301F-11D3-BF4B-00C04F79EFBC}") = "CondicionalStructure", "CondicionalStructure\CondicionalStructure.csproj", "{A6AC7D8A-5DD9-4BF5-8C6B-01F86362878C}"
EndProject
Global
	GlobalSection(SolutionConfigurationPlatforms) = preSolution
		Debug|Any CPU = Debug|Any CPU
		Release|Any CPU = Release|Any CPU
	EndGlobalSection
	GlobalSection(ProjectConfigurationPlatforms) = postSolution
		{A6AC7D8A-5DD9-4BF5-8C6B-01F86362878C}.Debug|Any CPU.ActiveCfg = Debug|Any CPU
		{A6AC7D8A-5DD9-4BF5-8C6B-01F86362878C}.Debug|Any CPU.Build.0 = Debug|Any CPU
		{A6AC7D8A-5DD9-4BF5-8C6B-01F86362878C}.Release|Any CPU.ActiveCfg = Release|Any CPU
		{A6AC7D8A-5DD9-4BF5-8C6B-01F86362878C}.Release|Any CPU.Build.0 = Release|Any CPU
	EndGlobalSection
	GlobalSection(SolutionProperties) = preSolution
		HideSolutionNode = FALSE
	EndGlobalSection
	GlobalSection(ExtensibilityGlobals) = postSolution
		SolutionGuid = {996F0F55-EDB2-4353-AB65-BABE32B843BE}
	EndGlobalSection
EndGlobal
