
Microsoft Visual Studio Solution File, Format Version 12.00
# Visual Studio Version 17
VisualStudioVersion = 17.0.31919.166
MinimumVisualStudioVersion = 10.0.40219.1
Project("{FAE04EC0-301F-11D3-BF4B-00C04F79EFBC}") = "ExampleProblemVects02", "ExampleProblemVects02\ExampleProblemVects02.csproj", "{55C917EF-F54E-43C6-88BC-25774E0B4DB8}"
EndProject
Global
	GlobalSection(SolutionConfigurationPlatforms) = preSolution
		Debug|Any CPU = Debug|Any CPU
		Release|Any CPU = Release|Any CPU
	EndGlobalSection
	GlobalSection(ProjectConfigurationPlatforms) = postSolution
		{55C917EF-F54E-43C6-88BC-25774E0B4DB8}.Debug|Any CPU.ActiveCfg = Debug|Any CPU
		{55C917EF-F54E-43C6-88BC-25774E0B4DB8}.Debug|Any CPU.Build.0 = Debug|Any CPU
		{55C917EF-F54E-43C6-88BC-25774E0B4DB8}.Release|Any CPU.ActiveCfg = Release|Any CPU
		{55C917EF-F54E-43C6-88BC-25774E0B4DB8}.Release|Any CPU.Build.0 = Release|Any CPU
	EndGlobalSection
	GlobalSection(SolutionProperties) = preSolution
		HideSolutionNode = FALSE
	EndGlobalSection
	GlobalSection(ExtensibilityGlobals) = postSolution
		SolutionGuid = {CF32D256-06BD-45E1-9697-E07C791DEAAE}
	EndGlobalSection
EndGlobal
