
Microsoft Visual Studio Solution File, Format Version 12.00
# Visual Studio Version 17
VisualStudioVersion = 17.0.31912.275
MinimumVisualStudioVersion = 10.0.40219.1
Project("{FAE04EC0-301F-11D3-BF4B-00C04F79EFBC}") = "LogicalOperators", "LogicalOperators\LogicalOperators.csproj", "{31D863C9-5B59-45E7-AEED-E5FEFD3CD4B9}"
EndProject
Global
	GlobalSection(SolutionConfigurationPlatforms) = preSolution
		Debug|Any CPU = Debug|Any CPU
		Release|Any CPU = Release|Any CPU
	EndGlobalSection
	GlobalSection(ProjectConfigurationPlatforms) = postSolution
		{31D863C9-5B59-45E7-AEED-E5FEFD3CD4B9}.Debug|Any CPU.ActiveCfg = Debug|Any CPU
		{31D863C9-5B59-45E7-AEED-E5FEFD3CD4B9}.Debug|Any CPU.Build.0 = Debug|Any CPU
		{31D863C9-5B59-45E7-AEED-E5FEFD3CD4B9}.Release|Any CPU.ActiveCfg = Release|Any CPU
		{31D863C9-5B59-45E7-AEED-E5FEFD3CD4B9}.Release|Any CPU.Build.0 = Release|Any CPU
	EndGlobalSection
	GlobalSection(SolutionProperties) = preSolution
		HideSolutionNode = FALSE
	EndGlobalSection
	GlobalSection(ExtensibilityGlobals) = postSolution
		SolutionGuid = {46559504-E871-4FC2-B05C-AADECFD402F3}
	EndGlobalSection
EndGlobal
