
Microsoft Visual Studio Solution File, Format Version 12.00
# Visual Studio Version 17
VisualStudioVersion = 17.0.31919.166
MinimumVisualStudioVersion = 10.0.40219.1
Project("{FAE04EC0-301F-11D3-BF4B-00C04F79EFBC}") = "ParamModifier", "ParamModifier\ParamModifier.csproj", "{BCF822D7-01AE-4137-94C6-2AA49DD135AF}"
EndProject
Global
	GlobalSection(SolutionConfigurationPlatforms) = preSolution
		Debug|Any CPU = Debug|Any CPU
		Release|Any CPU = Release|Any CPU
	EndGlobalSection
	GlobalSection(ProjectConfigurationPlatforms) = postSolution
		{BCF822D7-01AE-4137-94C6-2AA49DD135AF}.Debug|Any CPU.ActiveCfg = Debug|Any CPU
		{BCF822D7-01AE-4137-94C6-2AA49DD135AF}.Debug|Any CPU.Build.0 = Debug|Any CPU
		{BCF822D7-01AE-4137-94C6-2AA49DD135AF}.Release|Any CPU.ActiveCfg = Release|Any CPU
		{BCF822D7-01AE-4137-94C6-2AA49DD135AF}.Release|Any CPU.Build.0 = Release|Any CPU
	EndGlobalSection
	GlobalSection(SolutionProperties) = preSolution
		HideSolutionNode = FALSE
	EndGlobalSection
	GlobalSection(ExtensibilityGlobals) = postSolution
		SolutionGuid = {F3327A90-AD03-4689-93B0-6CC26FF59289}
	EndGlobalSection
EndGlobal
